
Microsoft Visual Studio Solution File, Format Version 12.00
# Visual Studio 15
VisualStudioVersion = 15.0.37506.8
MinimumVisualStudioVersion = 10.0.40219.1
Project("{FAE04EC0-301F-11D3-BF4B-00C04F79EFBC}") = "prfProductInventory", "prfProductInventory\prfProductInventory.csproj", "{C51D3DAB-6E69-4CC4-9CFD-555FBC853755}"
EndProject
Global
	GlobalSection(SolutionConfigurationPlatforms) = preSolution
		Debug|Any CPU = Debug|Any CPU
		Release|Any CPU = Release|Any CPU
	EndGlobalSection
	GlobalSection(ProjectConfigurationPlatforms) = postSolution
		{C51D3DAB-6E69-4CC4-9CFD-555FBC853755}.Debug|Any CPU.ActiveCfg = Debug|Any CPU
		{C51D3DAB-6E69-4CC4-9CFD-555FBC853755}.Debug|Any CPU.Build.0 = Debug|Any CPU
		{C51D3DAB-6E69-4CC4-9CFD-555FBC853755}.Release|Any CPU.ActiveCfg = Release|Any CPU
		{C51D3DAB-6E69-4CC4-9CFD-555FBC853755}.Release|Any CPU.Build.0 = Release|Any CPU
	EndGlobalSection
	GlobalSection(SolutionProperties) = preSolution
		HideSolutionNode = FALSE
	EndGlobalSection
	GlobalSection(ExtensibilityGlobals) = postSolution
		SolutionGuid = {AB2CF64E-CD08-4D2F-A44C-C80E0C46868D}
	EndGlobalSection
EndGlobal
